
Microsoft Visual Studio Solution File, Format Version 12.00
# Visual Studio Version 16
VisualStudioVersion = 16.0.29806.167
MinimumVisualStudioVersion = 10.0.40219.1
Project("{9A19103F-16F7-4668-BE54-9A1E7A4F7556}") = "establishment-api", "establishment-api\establishment-api.csproj", "{B593FF97-535D-4256-B660-75173DEB9D44}"
EndProject
Project("{FAE04EC0-301F-11D3-BF4B-00C04F79EFBC}") = "establishment-models", "establishment-models\establishment-models.csproj", "{0875441F-F3C2-4726-8E22-5DCBEA9E1ABC}"
EndProject
Project("{FAE04EC0-301F-11D3-BF4B-00C04F79EFBC}") = "establishment-repository", "establishment-repository\establishment-repository.csproj", "{AF931306-0F38-43E3-B77E-8E8621C29DF0}"
EndProject
Project("{FAE04EC0-301F-11D3-BF4B-00C04F79EFBC}") = "establishment-service", "establishment-service\establishment-service.csproj", "{9370D1AC-1192-4515-BDAD-D9087C45B1CA}"
EndProject
Global
	GlobalSection(SolutionConfigurationPlatforms) = preSolution
		Debug|Any CPU = Debug|Any CPU
		Release|Any CPU = Release|Any CPU
	EndGlobalSection
	GlobalSection(ProjectConfigurationPlatforms) = postSolution
		{B593FF97-535D-4256-B660-75173DEB9D44}.Debug|Any CPU.ActiveCfg = Debug|Any CPU
		{B593FF97-535D-4256-B660-75173DEB9D44}.Debug|Any CPU.Build.0 = Debug|Any CPU
		{B593FF97-535D-4256-B660-75173DEB9D44}.Release|Any CPU.ActiveCfg = Release|Any CPU
		{B593FF97-535D-4256-B660-75173DEB9D44}.Release|Any CPU.Build.0 = Release|Any CPU
		{0875441F-F3C2-4726-8E22-5DCBEA9E1ABC}.Debug|Any CPU.ActiveCfg = Debug|Any CPU
		{0875441F-F3C2-4726-8E22-5DCBEA9E1ABC}.Debug|Any CPU.Build.0 = Debug|Any CPU
		{0875441F-F3C2-4726-8E22-5DCBEA9E1ABC}.Release|Any CPU.ActiveCfg = Release|Any CPU
		{0875441F-F3C2-4726-8E22-5DCBEA9E1ABC}.Release|Any CPU.Build.0 = Release|Any CPU
		{AF931306-0F38-43E3-B77E-8E8621C29DF0}.Debug|Any CPU.ActiveCfg = Debug|Any CPU
		{AF931306-0F38-43E3-B77E-8E8621C29DF0}.Debug|Any CPU.Build.0 = Debug|Any CPU
		{AF931306-0F38-43E3-B77E-8E8621C29DF0}.Release|Any CPU.ActiveCfg = Release|Any CPU
		{AF931306-0F38-43E3-B77E-8E8621C29DF0}.Release|Any CPU.Build.0 = Release|Any CPU
		{9370D1AC-1192-4515-BDAD-D9087C45B1CA}.Debug|Any CPU.ActiveCfg = Debug|Any CPU
		{9370D1AC-1192-4515-BDAD-D9087C45B1CA}.Debug|Any CPU.Build.0 = Debug|Any CPU
		{9370D1AC-1192-4515-BDAD-D9087C45B1CA}.Release|Any CPU.ActiveCfg = Release|Any CPU
		{9370D1AC-1192-4515-BDAD-D9087C45B1CA}.Release|Any CPU.Build.0 = Release|Any CPU
	EndGlobalSection
	GlobalSection(SolutionProperties) = preSolution
		HideSolutionNode = FALSE
	EndGlobalSection
	GlobalSection(ExtensibilityGlobals) = postSolution
		SolutionGuid = {9ACE8CED-9B27-4048-8467-8CB00AC3917D}
	EndGlobalSection
EndGlobal
